{
  "name": "producer",
  "version": "1.0.0",
  "lockfileVersion": 1,
  "requires": true,
  "dependencies": {
    "config": {
      "version": "3.3.6",
      "resolved": "https://artifacts.westernacher.com:443/artifactory/api/npm/npm/config/-/config-3.3.6.tgz",
      "integrity": "sha1-uHeZ23OZzDSYj1U3m19DRlsbBlw=",
      "requires": {
        "json5": "^2.1.1"
      }
    },
    "json5": {
      "version": "2.2.0",
      "resolved": "https://artifacts.westernacher.com:443/artifactory/api/npm/npm/json5/-/json5-2.2.0.tgz",
      "integrity": "sha1-Lf7+cgxrpSXZ69kJlQ8FFTFsiaM=",
      "requires": {
        "minimist": "^1.2.5"
      }
    },
    "kafkajs": {
      "version": "1.15.0",
      "resolved": "https://artifacts.westernacher.com:443/artifactory/api/npm/npm/kafkajs/-/kafkajs-1.15.0.tgz",
      "integrity": "sha1-pa2g2TPtyiFJF3OTVivm+wh17Do="
    },
    "lodash": {
      "version": "4.17.21",
      "resolved": "https://artifacts.westernacher.com:443/artifactory/api/npm/npm/lodash/-/lodash-4.17.21.tgz",
      "integrity": "sha1-Z5WRxWTDv/quhFTPCz3zcMPWkRw="
    },
    "minimist": {
      "version": "1.2.5",
      "resolved": "https://artifacts.westernacher.com:443/artifactory/api/npm/npm/minimist/-/minimist-1.2.5.tgz",
      "integrity": "sha1-Z9ZgFLZqaoqqDAg8X9WN9OTpdgI="
    },
    "nanoid": {
      "version": "3.1.30",
      "resolved": "https://artifacts.westernacher.com:443/artifactory/api/npm/npm/nanoid/-/nanoid-3.1.30.tgz",
      "integrity": "sha1-Y/k8xUjSoRPcXfvGO/oJ4rm2Q2I="
    }
  }
}
